// !$*UTF8*$!
{
	archiveVersion = 1;
	classes = {
	};
	objectVersion = 46;
	objects = {

/* Begin PBXBuildFile section */
		99FC2887F3D6E3B66B165065 /* libPods-BuDeJieUITests.a in Frameworks */ = {isa = PBXBuildFile; fileRef = DFC1ACE1D401320F5A3215B5 /* libPods-BuDeJieUITests.a */; };
		C51733FB297D7E62A068ED6D /* libPods-BuDeJieTests.a in Frameworks */ = {isa = PBXBuildFile; fileRef = 027006FF9DFFAE8DB2F3960E /* libPods-BuDeJieTests.a */; };
		E90960D21DB39A980068E79D /* UIImage+LTRender.m in Sources */ = {isa = PBXBuildFile; fileRef = E90960D11DB39A980068E79D /* UIImage+LTRender.m */; };
		E91C88FF1DB8D7E400988C6E /* LTSubTagViewController.m in Sources */ = {isa = PBXBuildFile; fileRef = E91C88FE1DB8D7E400988C6E /* LTSubTagViewController.m */; };
		E92ECDA01DB646F30071C1B7 /* LTADViewController.m in Sources */ = {isa = PBXBuildFile; fileRef = E92ECD9E1DB646F30071C1B7 /* LTADViewController.m */; };
		E92ECDA11DB646F30071C1B7 /* LTADViewController.xib in Resources */ = {isa = PBXBuildFile; fileRef = E92ECD9F1DB646F30071C1B7 /* LTADViewController.xib */; };
		E92ECDAA1DB64BF30071C1B7 /* LaunchImage-568h@2x.png in Resources */ = {isa = PBXBuildFile; fileRef = E92ECDA31DB64BF30071C1B7 /* LaunchImage-568h@2x.png */; };
		E92ECDAB1DB64BF30071C1B7 /* LaunchImage-700-568h@2x.png in Resources */ = {isa = PBXBuildFile; fileRef = E92ECDA41DB64BF30071C1B7 /* LaunchImage-700-568h@2x.png */; };
		E92ECDAC1DB64BF30071C1B7 /* LaunchImage-700@2x.png in Resources */ = {isa = PBXBuildFile; fileRef = E92ECDA51DB64BF30071C1B7 /* LaunchImage-700@2x.png */; };
		E92ECDAD1DB64BF30071C1B7 /* LaunchImage-800-667h@2x.png in Resources */ = {isa = PBXBuildFile; fileRef = E92ECDA61DB64BF30071C1B7 /* LaunchImage-800-667h@2x.png */; };
		E92ECDAE1DB64BF30071C1B7 /* LaunchImage-800-Portrait-736h@3x.png in Resources */ = {isa = PBXBuildFile; fileRef = E92ECDA71DB64BF30071C1B7 /* LaunchImage-800-Portrait-736h@3x.png */; };
		E92ECDAF1DB64BF30071C1B7 /* LaunchImage.png in Resources */ = {isa = PBXBuildFile; fileRef = E92ECDA81DB64BF30071C1B7 /* LaunchImage.png */; };
		E92ECDB01DB64BF30071C1B7 /* LaunchImage@2x.png in Resources */ = {isa = PBXBuildFile; fileRef = E92ECDA91DB64BF30071C1B7 /* LaunchImage@2x.png */; };
		E94E1FF21DB23E9D00E23BE0 /* Assets.xcassets in Resources */ = {isa = PBXBuildFile; fileRef = E94E1FF11DB23E9D00E23BE0 /* Assets.xcassets */; };
		E94E1FF51DB23E9D00E23BE0 /* LaunchScreen.storyboard in Resources */ = {isa = PBXBuildFile; fileRef = E94E1FF31DB23E9D00E23BE0 /* LaunchScreen.storyboard */; };
		E94E20001DB23E9D00E23BE0 /* BuDeJieTests.m in Sources */ = {isa = PBXBuildFile; fileRef = E94E1FFF1DB23E9D00E23BE0 /* BuDeJieTests.m */; };
		E94E200B1DB23E9D00E23BE0 /* BuDeJieUITests.m in Sources */ = {isa = PBXBuildFile; fileRef = E94E200A1DB23E9D00E23BE0 /* BuDeJieUITests.m */; };
		E94E20751DB2573700E23BE0 /* AppDelegate.m in Sources */ = {isa = PBXBuildFile; fileRef = E94E205A1DB2573700E23BE0 /* AppDelegate.m */; };
		E94E20761DB2573700E23BE0 /* main.m in Sources */ = {isa = PBXBuildFile; fileRef = E94E20701DB2573700E23BE0 /* main.m */; };
		E94E207B1DB25C9500E23BE0 /* LTEssenceViewController.m in Sources */ = {isa = PBXBuildFile; fileRef = E94E207A1DB25C9500E23BE0 /* LTEssenceViewController.m */; };
		E94E207E1DB25CAE00E23BE0 /* LTFriendTrendViewController.m in Sources */ = {isa = PBXBuildFile; fileRef = E94E207D1DB25CAE00E23BE0 /* LTFriendTrendViewController.m */; };
		E94E20811DB25CD300E23BE0 /* LTTabBarController.m in Sources */ = {isa = PBXBuildFile; fileRef = E94E20801DB25CD300E23BE0 /* LTTabBarController.m */; };
		E94E20871DB25D3300E23BE0 /* LTMeViewController.m in Sources */ = {isa = PBXBuildFile; fileRef = E94E20861DB25D3300E23BE0 /* LTMeViewController.m */; };
		E94E208A1DB25D5A00E23BE0 /* LTNewViewController.m in Sources */ = {isa = PBXBuildFile; fileRef = E94E20891DB25D5A00E23BE0 /* LTNewViewController.m */; };
		E94E208D1DB25D6F00E23BE0 /* LTPublishViewController.m in Sources */ = {isa = PBXBuildFile; fileRef = E94E208C1DB25D6F00E23BE0 /* LTPublishViewController.m */; };
		E95EECAC1DB468A400B2A505 /* LTNavigationController.m in Sources */ = {isa = PBXBuildFile; fileRef = E95EECAB1DB468A400B2A505 /* LTNavigationController.m */; };
		E95EECB31DB46B4A00B2A505 /* LTSettingViewController.m in Sources */ = {isa = PBXBuildFile; fileRef = E95EECB21DB46B4A00B2A505 /* LTSettingViewController.m */; };
		E95EECB61DB4701D00B2A505 /* UIView+LTFrame.m in Sources */ = {isa = PBXBuildFile; fileRef = E95EECB51DB4701D00B2A505 /* UIView+LTFrame.m */; };
		E95EECB91DB4743500B2A505 /* LTNavigationBar.m in Sources */ = {isa = PBXBuildFile; fileRef = E95EECB81DB4743500B2A505 /* LTNavigationBar.m */; };
		E95EECBC1DB4744A00B2A505 /* LTBackView.m in Sources */ = {isa = PBXBuildFile; fileRef = E95EECBB1DB4744A00B2A505 /* LTBackView.m */; };
		E95F6D3A1DB3A5D900D3A77A /* UITabBarItem+LTFont.m in Sources */ = {isa = PBXBuildFile; fileRef = E95F6D391DB3A5D900D3A77A /* UITabBarItem+LTFont.m */; };
		E97ECD781DB7444100DA17F3 /* AFHTTPSessionManager+LTManager.m in Sources */ = {isa = PBXBuildFile; fileRef = E97ECD771DB7444100DA17F3 /* AFHTTPSessionManager+LTManager.m */; };
		E97ECD7B1DB7495E00DA17F3 /* LTADItem.m in Sources */ = {isa = PBXBuildFile; fileRef = E97ECD7A1DB7495E00DA17F3 /* LTADItem.m */; };
		E97ECD7E1DB798DE00DA17F3 /* LTSubTagItem.m in Sources */ = {isa = PBXBuildFile; fileRef = E97ECD7D1DB798DE00DA17F3 /* LTSubTagItem.m */; };
		E97ECD851DB7B4C800DA17F3 /* LTTagCell.m in Sources */ = {isa = PBXBuildFile; fileRef = E97ECD831DB7B4C800DA17F3 /* LTTagCell.m */; };
		E97ECD861DB7B4C800DA17F3 /* LTTagCell.xib in Resources */ = {isa = PBXBuildFile; fileRef = E97ECD841DB7B4C800DA17F3 /* LTTagCell.xib */; };
		E9B6C7951DB3BCEA00DD6003 /* UIBarButtonItem+LTItem.m in Sources */ = {isa = PBXBuildFile; fileRef = E9B6C7941DB3BCEA00DD6003 /* UIBarButtonItem+LTItem.m */; };
		F917D0E20BDF18730CC46E19 /* libPods-BuDeJie.a in Frameworks */ = {isa = PBXBuildFile; fileRef = A93A62478BF7A0807FD374E4 /* libPods-BuDeJie.a */; };
/* End PBXBuildFile section */

/* Begin PBXContainerItemProxy section */
		E94E1FFC1DB23E9D00E23BE0 /* PBXContainerItemProxy */ = {
			isa = PBXContainerItemProxy;
			containerPortal = E94E1FDA1DB23E9D00E23BE0 /* Project object */;
			proxyType = 1;
			remoteGlobalIDString = E94E1FE11DB23E9D00E23BE0;
			remoteInfo = BuDeJie;
		};
		E94E20071DB23E9D00E23BE0 /* PBXContainerItemProxy */ = {
			isa = PBXContainerItemProxy;
			containerPortal = E94E1FDA1DB23E9D00E23BE0 /* Project object */;
			proxyType = 1;
			remoteGlobalIDString = E94E1FE11DB23E9D00E23BE0;
			remoteInfo = BuDeJie;
		};
/* End PBXContainerItemProxy section */

/* Begin PBXFileReference section */
		027006FF9DFFAE8DB2F3960E /* libPods-BuDeJieTests.a */ = {isa = PBXFileReference; explicitFileType = archive.ar; includeInIndex = 0; path = "libPods-BuDeJieTests.a"; sourceTree = BUILT_PRODUCTS_DIR; };
		3140A5D72596CD0464AE18DB /* Pods-BuDeJie.debug.xcconfig */ = {isa = PBXFileReference; includeInIndex = 1; lastKnownFileType = text.xcconfig; name = "Pods-BuDeJie.debug.xcconfig"; path = "Pods/Target Support Files/Pods-BuDeJie/Pods-BuDeJie.debug.xcconfig"; sourceTree = "<group>"; };
		3D96E00F4DEC25CA8E4080C4 /* Pods-BuDeJieUITests.release.xcconfig */ = {isa = PBXFileReference; includeInIndex = 1; lastKnownFileType = text.xcconfig; name = "Pods-BuDeJieUITests.release.xcconfig"; path = "Pods/Target Support Files/Pods-BuDeJieUITests/Pods-BuDeJieUITests.release.xcconfig"; sourceTree = "<group>"; };
		497E18109256A29DF3E9A0FD /* Pods-BuDeJieTests.debug.xcconfig */ = {isa = PBXFileReference; includeInIndex = 1; lastKnownFileType = text.xcconfig; name = "Pods-BuDeJieTests.debug.xcconfig"; path = "Pods/Target Support Files/Pods-BuDeJieTests/Pods-BuDeJieTests.debug.xcconfig"; sourceTree = "<group>"; };
		4C40C8D3BC854D678775B99E /* Pods-BuDeJie.release.xcconfig */ = {isa = PBXFileReference; includeInIndex = 1; lastKnownFileType = text.xcconfig; name = "Pods-BuDeJie.release.xcconfig"; path = "Pods/Target Support Files/Pods-BuDeJie/Pods-BuDeJie.release.xcconfig"; sourceTree = "<group>"; };
		5DA9160EA2B844D1CEFA070E /* Pods-BuDeJieTests.release.xcconfig */ = {isa = PBXFileReference; includeInIndex = 1; lastKnownFileType = text.xcconfig; name = "Pods-BuDeJieTests.release.xcconfig"; path = "Pods/Target Support Files/Pods-BuDeJieTests/Pods-BuDeJieTests.release.xcconfig"; sourceTree = "<group>"; };
		89BE39B31956FF96CA93483A /* Pods-BuDeJieUITests.debug.xcconfig */ = {isa = PBXFileReference; includeInIndex = 1; lastKnownFileType = text.xcconfig; name = "Pods-BuDeJieUITests.debug.xcconfig"; path = "Pods/Target Support Files/Pods-BuDeJieUITests/Pods-BuDeJieUITests.debug.xcconfig"; sourceTree = "<group>"; };
		A93A62478BF7A0807FD374E4 /* libPods-BuDeJie.a */ = {isa = PBXFileReference; explicitFileType = archive.ar; includeInIndex = 0; path = "libPods-BuDeJie.a"; sourceTree = BUILT_PRODUCTS_DIR; };
		DFC1ACE1D401320F5A3215B5 /* libPods-BuDeJieUITests.a */ = {isa = PBXFileReference; explicitFileType = archive.ar; includeInIndex = 0; path = "libPods-BuDeJieUITests.a"; sourceTree = BUILT_PRODUCTS_DIR; };
		E90960D01DB39A980068E79D /* UIImage+LTRender.h */ = {isa = PBXFileReference; fileEncoding = 4; lastKnownFileType = sourcecode.c.h; path = "UIImage+LTRender.h"; sourceTree = "<group>"; };
		E90960D11DB39A980068E79D /* UIImage+LTRender.m */ = {isa = PBXFileReference; fileEncoding = 4; lastKnownFileType = sourcecode.c.objc; path = "UIImage+LTRender.m"; sourceTree = "<group>"; };
		E91C88FD1DB8D7E400988C6E /* LTSubTagViewController.h */ = {isa = PBXFileReference; fileEncoding = 4; lastKnownFileType = sourcecode.c.h; path = LTSubTagViewController.h; sourceTree = "<group>"; };
		E91C88FE1DB8D7E400988C6E /* LTSubTagViewController.m */ = {isa = PBXFileReference; fileEncoding = 4; lastKnownFileType = sourcecode.c.objc; path = LTSubTagViewController.m; sourceTree = "<group>"; };
		E92ECD9D1DB646F30071C1B7 /* LTADViewController.h */ = {isa = PBXFileReference; fileEncoding = 4; lastKnownFileType = sourcecode.c.h; path = LTADViewController.h; sourceTree = "<group>"; };
		E92ECD9E1DB646F30071C1B7 /* LTADViewController.m */ = {isa = PBXFileReference; fileEncoding = 4; lastKnownFileType = sourcecode.c.objc; path = LTADViewController.m; sourceTree = "<group>"; };
		E92ECD9F1DB646F30071C1B7 /* LTADViewController.xib */ = {isa = PBXFileReference; fileEncoding = 4; lastKnownFileType = file.xib; path = LTADViewController.xib; sourceTree = "<group>"; };
		E92ECDA31DB64BF30071C1B7 /* LaunchImage-568h@2x.png */ = {isa = PBXFileReference; lastKnownFileType = image.png; path = "LaunchImage-568h@2x.png"; sourceTree = "<group>"; };
		E92ECDA41DB64BF30071C1B7 /* LaunchImage-700-568h@2x.png */ = {isa = PBXFileReference; lastKnownFileType = image.png; path = "LaunchImage-700-568h@2x.png"; sourceTree = "<group>"; };
		E92ECDA51DB64BF30071C1B7 /* LaunchImage-700@2x.png */ = {isa = PBXFileReference; lastKnownFileType = image.png; path = "LaunchImage-700@2x.png"; sourceTree = "<group>"; };
		E92ECDA61DB64BF30071C1B7 /* LaunchImage-800-667h@2x.png */ = {isa = PBXFileReference; lastKnownFileType = image.png; path = "LaunchImage-800-667h@2x.png"; sourceTree = "<group>"; };
		E92ECDA71DB64BF30071C1B7 /* LaunchImage-800-Portrait-736h@3x.png */ = {isa = PBXFileReference; lastKnownFileType = image.png; path = "LaunchImage-800-Portrait-736h@3x.png"; sourceTree = "<group>"; };
		E92ECDA81DB64BF30071C1B7 /* LaunchImage.png */ = {isa = PBXFileReference; lastKnownFileType = image.png; path = LaunchImage.png; sourceTree = "<group>"; };
		E92ECDA91DB64BF30071C1B7 /* LaunchImage@2x.png */ = {isa = PBXFileReference; lastKnownFileType = image.png; path = "LaunchImage@2x.png"; sourceTree = "<group>"; };
		E94E1FE21DB23E9D00E23BE0 /* BuDeJie.app */ = {isa = PBXFileReference; explicitFileType = wrapper.application; includeInIndex = 0; path = BuDeJie.app; sourceTree = BUILT_PRODUCTS_DIR; };
		E94E1FF11DB23E9D00E23BE0 /* Assets.xcassets */ = {isa = PBXFileReference; lastKnownFileType = folder.assetcatalog; path = Assets.xcassets; sourceTree = "<group>"; };
		E94E1FF41DB23E9D00E23BE0 /* Base */ = {isa = PBXFileReference; lastKnownFileType = file.storyboard; name = Base; path = Base.lproj/LaunchScreen.storyboard; sourceTree = "<group>"; };
		E94E1FF61DB23E9D00E23BE0 /* Info.plist */ = {isa = PBXFileReference; lastKnownFileType = text.plist.xml; path = Info.plist; sourceTree = "<group>"; };
		E94E1FFB1DB23E9D00E23BE0 /* BuDeJieTests.xctest */ = {isa = PBXFileReference; explicitFileType = wrapper.cfbundle; includeInIndex = 0; path = BuDeJieTests.xctest; sourceTree = BUILT_PRODUCTS_DIR; };
		E94E1FFF1DB23E9D00E23BE0 /* BuDeJieTests.m */ = {isa = PBXFileReference; lastKnownFileType = sourcecode.c.objc; path = BuDeJieTests.m; sourceTree = "<group>"; };
		E94E20011DB23E9D00E23BE0 /* Info.plist */ = {isa = PBXFileReference; lastKnownFileType = text.plist.xml; path = Info.plist; sourceTree = "<group>"; };
		E94E20061DB23E9D00E23BE0 /* BuDeJieUITests.xctest */ = {isa = PBXFileReference; explicitFileType = wrapper.cfbundle; includeInIndex = 0; path = BuDeJieUITests.xctest; sourceTree = BUILT_PRODUCTS_DIR; };
		E94E200A1DB23E9D00E23BE0 /* BuDeJieUITests.m */ = {isa = PBXFileReference; lastKnownFileType = sourcecode.c.objc; path = BuDeJieUITests.m; sourceTree = "<group>"; };
		E94E200C1DB23E9D00E23BE0 /* Info.plist */ = {isa = PBXFileReference; lastKnownFileType = text.plist.xml; path = Info.plist; sourceTree = "<group>"; };
		E94E20591DB2573700E23BE0 /* AppDelegate.h */ = {isa = PBXFileReference; fileEncoding = 4; lastKnownFileType = sourcecode.c.h; path = AppDelegate.h; sourceTree = "<group>"; };
		E94E205A1DB2573700E23BE0 /* AppDelegate.m */ = {isa = PBXFileReference; fileEncoding = 4; lastKnownFileType = sourcecode.c.objc; path = AppDelegate.m; sourceTree = "<group>"; };
		E94E20701DB2573700E23BE0 /* main.m */ = {isa = PBXFileReference; fileEncoding = 4; lastKnownFileType = sourcecode.c.objc; path = main.m; sourceTree = "<group>"; };
		E94E20791DB25C9500E23BE0 /* LTEssenceViewController.h */ = {isa = PBXFileReference; fileEncoding = 4; lastKnownFileType = sourcecode.c.h; path = LTEssenceViewController.h; sourceTree = "<group>"; };
		E94E207A1DB25C9500E23BE0 /* LTEssenceViewController.m */ = {isa = PBXFileReference; fileEncoding = 4; lastKnownFileType = sourcecode.c.objc; path = LTEssenceViewController.m; sourceTree = "<group>"; };
		E94E207C1DB25CAE00E23BE0 /* LTFriendTrendViewController.h */ = {isa = PBXFileReference; fileEncoding = 4; lastKnownFileType = sourcecode.c.h; path = LTFriendTrendViewController.h; sourceTree = "<group>"; };
		E94E207D1DB25CAE00E23BE0 /* LTFriendTrendViewController.m */ = {isa = PBXFileReference; fileEncoding = 4; lastKnownFileType = sourcecode.c.objc; path = LTFriendTrendViewController.m; sourceTree = "<group>"; };
		E94E207F1DB25CD300E23BE0 /* LTTabBarController.h */ = {isa = PBXFileReference; fileEncoding = 4; lastKnownFileType = sourcecode.c.h; path = LTTabBarController.h; sourceTree = "<group>"; };
		E94E20801DB25CD300E23BE0 /* LTTabBarController.m */ = {isa = PBXFileReference; fileEncoding = 4; lastKnownFileType = sourcecode.c.objc; path = LTTabBarController.m; sourceTree = "<group>"; };
		E94E20851DB25D3300E23BE0 /* LTMeViewController.h */ = {isa = PBXFileReference; fileEncoding = 4; lastKnownFileType = sourcecode.c.h; path = LTMeViewController.h; sourceTree = "<group>"; };
		E94E20861DB25D3300E23BE0 /* LTMeViewController.m */ = {isa = PBXFileReference; fileEncoding = 4; lastKnownFileType = sourcecode.c.objc; path = LTMeViewController.m; sourceTree = "<group>"; };
		E94E20881DB25D5A00E23BE0 /* LTNewViewController.h */ = {isa = PBXFileReference; fileEncoding = 4; lastKnownFileType = sourcecode.c.h; path = LTNewViewController.h; sourceTree = "<group>"; };
		E94E20891DB25D5A00E23BE0 /* LTNewViewController.m */ = {isa = PBXFileReference; fileEncoding = 4; lastKnownFileType = sourcecode.c.objc; path = LTNewViewController.m; sourceTree = "<group>"; };
		E94E208B1DB25D6F00E23BE0 /* LTPublishViewController.h */ = {isa = PBXFileReference; fileEncoding = 4; lastKnownFileType = sourcecode.c.h; path = LTPublishViewController.h; sourceTree = "<group>"; };
		E94E208C1DB25D6F00E23BE0 /* LTPublishViewController.m */ = {isa = PBXFileReference; fileEncoding = 4; lastKnownFileType = sourcecode.c.objc; path = LTPublishViewController.m; sourceTree = "<group>"; };
		E95EECA91DB4641200B2A505 /* BuDeJie.pch */ = {isa = PBXFileReference; lastKnownFileType = sourcecode.c.h; path = BuDeJie.pch; sourceTree = "<group>"; };
		E95EECAA1DB468A400B2A505 /* LTNavigationController.h */ = {isa = PBXFileReference; fileEncoding = 4; lastKnownFileType = sourcecode.c.h; path = LTNavigationController.h; sourceTree = "<group>"; };
		E95EECAB1DB468A400B2A505 /* LTNavigationController.m */ = {isa = PBXFileReference; fileEncoding = 4; lastKnownFileType = sourcecode.c.objc; path = LTNavigationController.m; sourceTree = "<group>"; };
		E95EECB11DB46B4A00B2A505 /* LTSettingViewController.h */ = {isa = PBXFileReference; fileEncoding = 4; lastKnownFileType = sourcecode.c.h; path = LTSettingViewController.h; sourceTree = "<group>"; };
		E95EECB21DB46B4A00B2A505 /* LTSettingViewController.m */ = {isa = PBXFileReference; fileEncoding = 4; lastKnownFileType = sourcecode.c.objc; path = LTSettingViewController.m; sourceTree = "<group>"; };
		E95EECB41DB4701D00B2A505 /* UIView+LTFrame.h */ = {isa = PBXFileReference; fileEncoding = 4; lastKnownFileType = sourcecode.c.h; path = "UIView+LTFrame.h"; sourceTree = "<group>"; };
		E95EECB51DB4701D00B2A505 /* UIView+LTFrame.m */ = {isa = PBXFileReference; fileEncoding = 4; lastKnownFileType = sourcecode.c.objc; path = "UIView+LTFrame.m"; sourceTree = "<group>"; };
		E95EECB71DB4743500B2A505 /* LTNavigationBar.h */ = {isa = PBXFileReference; fileEncoding = 4; lastKnownFileType = sourcecode.c.h; path = LTNavigationBar.h; sourceTree = "<group>"; };
		E95EECB81DB4743500B2A505 /* LTNavigationBar.m */ = {isa = PBXFileReference; fileEncoding = 4; lastKnownFileType = sourcecode.c.objc; path = LTNavigationBar.m; sourceTree = "<group>"; };
		E95EECBA1DB4744A00B2A505 /* LTBackView.h */ = {isa = PBXFileReference; fileEncoding = 4; lastKnownFileType = sourcecode.c.h; path = LTBackView.h; sourceTree = "<group>"; };
		E95EECBB1DB4744A00B2A505 /* LTBackView.m */ = {isa = PBXFileReference; fileEncoding = 4; lastKnownFileType = sourcecode.c.objc; path = LTBackView.m; sourceTree = "<group>"; };
		E95F6D381DB3A5D900D3A77A /* UITabBarItem+LTFont.h */ = {isa = PBXFileReference; fileEncoding = 4; lastKnownFileType = sourcecode.c.h; path = "UITabBarItem+LTFont.h"; sourceTree = "<group>"; };
		E95F6D391DB3A5D900D3A77A /* UITabBarItem+LTFont.m */ = {isa = PBXFileReference; fileEncoding = 4; lastKnownFileType = sourcecode.c.objc; path = "UITabBarItem+LTFont.m"; sourceTree = "<group>"; };
		E97ECD761DB7444100DA17F3 /* AFHTTPSessionManager+LTManager.h */ = {isa = PBXFileReference; fileEncoding = 4; lastKnownFileType = sourcecode.c.h; path = "AFHTTPSessionManager+LTManager.h"; sourceTree = "<group>"; };
		E97ECD771DB7444100DA17F3 /* AFHTTPSessionManager+LTManager.m */ = {isa = PBXFileReference; fileEncoding = 4; lastKnownFileType = sourcecode.c.objc; path = "AFHTTPSessionManager+LTManager.m"; sourceTree = "<group>"; };
		E97ECD791DB7495E00DA17F3 /* LTADItem.h */ = {isa = PBXFileReference; fileEncoding = 4; lastKnownFileType = sourcecode.c.h; path = LTADItem.h; sourceTree = "<group>"; };
		E97ECD7A1DB7495E00DA17F3 /* LTADItem.m */ = {isa = PBXFileReference; fileEncoding = 4; lastKnownFileType = sourcecode.c.objc; path = LTADItem.m; sourceTree = "<group>"; };
		E97ECD7C1DB798DE00DA17F3 /* LTSubTagItem.h */ = {isa = PBXFileReference; fileEncoding = 4; lastKnownFileType = sourcecode.c.h; path = LTSubTagItem.h; sourceTree = "<group>"; };
		E97ECD7D1DB798DE00DA17F3 /* LTSubTagItem.m */ = {isa = PBXFileReference; fileEncoding = 4; lastKnownFileType = sourcecode.c.objc; path = LTSubTagItem.m; sourceTree = "<group>"; };
		E97ECD821DB7B4C800DA17F3 /* LTTagCell.h */ = {isa = PBXFileReference; fileEncoding = 4; lastKnownFileType = sourcecode.c.h; path = LTTagCell.h; sourceTree = "<group>"; };
		E97ECD831DB7B4C800DA17F3 /* LTTagCell.m */ = {isa = PBXFileReference; fileEncoding = 4; lastKnownFileType = sourcecode.c.objc; path = LTTagCell.m; sourceTree = "<group>"; };
		E97ECD841DB7B4C800DA17F3 /* LTTagCell.xib */ = {isa = PBXFileReference; fileEncoding = 4; lastKnownFileType = file.xib; path = LTTagCell.xib; sourceTree = "<group>"; };
		E9B6C7931DB3BCEA00DD6003 /* UIBarButtonItem+LTItem.h */ = {isa = PBXFileReference; fileEncoding = 4; lastKnownFileType = sourcecode.c.h; path = "UIBarButtonItem+LTItem.h"; sourceTree = "<group>"; };
		E9B6C7941DB3BCEA00DD6003 /* UIBarButtonItem+LTItem.m */ = {isa = PBXFileReference; fileEncoding = 4; lastKnownFileType = sourcecode.c.objc; path = "UIBarButtonItem+LTItem.m"; sourceTree = "<group>"; };
/* End PBXFileReference section */

/* Begin PBXFrameworksBuildPhase section */
		E94E1FDF1DB23E9D00E23BE0 /* Frameworks */ = {
			isa = PBXFrameworksBuildPhase;
			buildActionMask = 2147483647;
			files = (
				F917D0E20BDF18730CC46E19 /* libPods-BuDeJie.a in Frameworks */,
			);
			runOnlyForDeploymentPostprocessing = 0;
		};
		E94E1FF81DB23E9D00E23BE0 /* Frameworks */ = {
			isa = PBXFrameworksBuildPhase;
			buildActionMask = 2147483647;
			files = (
				C51733FB297D7E62A068ED6D /* libPods-BuDeJieTests.a in Frameworks */,
			);
			runOnlyForDeploymentPostprocessing = 0;
		};
		E94E20031DB23E9D00E23BE0 /* Frameworks */ = {
			isa = PBXFrameworksBuildPhase;
			buildActionMask = 2147483647;
			files = (
				99FC2887F3D6E3B66B165065 /* libPods-BuDeJieUITests.a in Frameworks */,
			);
			runOnlyForDeploymentPostprocessing = 0;
		};
/* End PBXFrameworksBuildPhase section */

/* Begin PBXGroup section */
		63034454BFAF01B20D52161A /* Pods */ = {
			isa = PBXGroup;
			children = (
				3140A5D72596CD0464AE18DB /* Pods-BuDeJie.debug.xcconfig */,
				4C40C8D3BC854D678775B99E /* Pods-BuDeJie.release.xcconfig */,
				497E18109256A29DF3E9A0FD /* Pods-BuDeJieTests.debug.xcconfig */,
				5DA9160EA2B844D1CEFA070E /* Pods-BuDeJieTests.release.xcconfig */,
				89BE39B31956FF96CA93483A /* Pods-BuDeJieUITests.debug.xcconfig */,
				3D96E00F4DEC25CA8E4080C4 /* Pods-BuDeJieUITests.release.xcconfig */,
			);
			name = Pods;
			sourceTree = "<group>";
		};
		695A413E3A3038CCE9A30179 /* Frameworks */ = {
			isa = PBXGroup;
			children = (
				A93A62478BF7A0807FD374E4 /* libPods-BuDeJie.a */,
				027006FF9DFFAE8DB2F3960E /* libPods-BuDeJieTests.a */,
				DFC1ACE1D401320F5A3215B5 /* libPods-BuDeJieUITests.a */,
			);
			name = Frameworks;
			sourceTree = "<group>";
		};
		E90960CF1DB39A6B0068E79D /* Category */ = {
			isa = PBXGroup;
			children = (
				E90960D01DB39A980068E79D /* UIImage+LTRender.h */,
				E90960D11DB39A980068E79D /* UIImage+LTRender.m */,
				E95F6D381DB3A5D900D3A77A /* UITabBarItem+LTFont.h */,
				E95F6D391DB3A5D900D3A77A /* UITabBarItem+LTFont.m */,
				E9B6C7931DB3BCEA00DD6003 /* UIBarButtonItem+LTItem.h */,
				E9B6C7941DB3BCEA00DD6003 /* UIBarButtonItem+LTItem.m */,
				E95EECB41DB4701D00B2A505 /* UIView+LTFrame.h */,
				E95EECB51DB4701D00B2A505 /* UIView+LTFrame.m */,
				E97ECD761DB7444100DA17F3 /* AFHTTPSessionManager+LTManager.h */,
				E97ECD771DB7444100DA17F3 /* AFHTTPSessionManager+LTManager.m */,
			);
			path = Category;
			sourceTree = "<group>";
		};
		E92ECD991DB646D10071C1B7 /* AD */ = {
			isa = PBXGroup;
			children = (
				E92ECD9A1DB646D10071C1B7 /* Controller */,
				E92ECD9B1DB646D10071C1B7 /* Model */,
				E92ECD9C1DB646D10071C1B7 /* View */,
			);
			path = AD;
			sourceTree = "<group>";
		};
		E92ECD9A1DB646D10071C1B7 /* Controller */ = {
			isa = PBXGroup;
			children = (
				E92ECD9D1DB646F30071C1B7 /* LTADViewController.h */,
				E92ECD9E1DB646F30071C1B7 /* LTADViewController.m */,
				E92ECD9F1DB646F30071C1B7 /* LTADViewController.xib */,
			);
			path = Controller;
			sourceTree = "<group>";
		};
		E92ECD9B1DB646D10071C1B7 /* Model */ = {
			isa = PBXGroup;
			children = (
				E97ECD791DB7495E00DA17F3 /* LTADItem.h */,
				E97ECD7A1DB7495E00DA17F3 /* LTADItem.m */,
			);
			path = Model;
			sourceTree = "<group>";
		};
		E92ECD9C1DB646D10071C1B7 /* View */ = {
			isa = PBXGroup;
			children = (
			);
			path = View;
			sourceTree = "<group>";
		};
		E92ECDA21DB64BF30071C1B7 /* 启动图片 */ = {
			isa = PBXGroup;
			children = (
				E92ECDA31DB64BF30071C1B7 /* LaunchImage-568h@2x.png */,
				E92ECDA41DB64BF30071C1B7 /* LaunchImage-700-568h@2x.png */,
				E92ECDA51DB64BF30071C1B7 /* LaunchImage-700@2x.png */,
				E92ECDA61DB64BF30071C1B7 /* LaunchImage-800-667h@2x.png */,
				E92ECDA71DB64BF30071C1B7 /* LaunchImage-800-Portrait-736h@3x.png */,
				E92ECDA81DB64BF30071C1B7 /* LaunchImage.png */,
				E92ECDA91DB64BF30071C1B7 /* LaunchImage@2x.png */,
			);
			path = "启动图片";
			sourceTree = "<group>";
		};
		E94E1FD91DB23E9D00E23BE0 = {
			isa = PBXGroup;
			children = (
				E94E1FE41DB23E9D00E23BE0 /* BuDeJie */,
				E94E1FFE1DB23E9D00E23BE0 /* BuDeJieTests */,
				E94E20091DB23E9D00E23BE0 /* BuDeJieUITests */,
				E94E1FE31DB23E9D00E23BE0 /* Products */,
				63034454BFAF01B20D52161A /* Pods */,
				695A413E3A3038CCE9A30179 /* Frameworks */,
			);
			sourceTree = "<group>";
		};
		E94E1FE31DB23E9D00E23BE0 /* Products */ = {
			isa = PBXGroup;
			children = (
				E94E1FE21DB23E9D00E23BE0 /* BuDeJie.app */,
				E94E1FFB1DB23E9D00E23BE0 /* BuDeJieTests.xctest */,
				E94E20061DB23E9D00E23BE0 /* BuDeJieUITests.xctest */,
			);
			name = Products;
			sourceTree = "<group>";
		};
		E94E1FE41DB23E9D00E23BE0 /* BuDeJie */ = {
			isa = PBXGroup;
			children = (
				E94E20571DB2573700E23BE0 /* BuDeJie */,
				E94E1FF11DB23E9D00E23BE0 /* Assets.xcassets */,
				E94E1FF31DB23E9D00E23BE0 /* LaunchScreen.storyboard */,
				E94E1FF61DB23E9D00E23BE0 /* Info.plist */,
				E94E1FE51DB23E9D00E23BE0 /* Supporting Files */,
			);
			path = BuDeJie;
			sourceTree = "<group>";
		};
		E94E1FE51DB23E9D00E23BE0 /* Supporting Files */ = {
			isa = PBXGroup;
			children = (
				E92ECDA21DB64BF30071C1B7 /* 启动图片 */,
			);
			name = "Supporting Files";
			sourceTree = "<group>";
		};
		E94E1FFE1DB23E9D00E23BE0 /* BuDeJieTests */ = {
			isa = PBXGroup;
			children = (
				E94E1FFF1DB23E9D00E23BE0 /* BuDeJieTests.m */,
				E94E20011DB23E9D00E23BE0 /* Info.plist */,
			);
			path = BuDeJieTests;
			sourceTree = "<group>";
		};
		E94E20091DB23E9D00E23BE0 /* BuDeJieUITests */ = {
			isa = PBXGroup;
			children = (
				E94E200A1DB23E9D00E23BE0 /* BuDeJieUITests.m */,
				E94E200C1DB23E9D00E23BE0 /* Info.plist */,
			);
			path = BuDeJieUITests;
			sourceTree = "<group>";
		};
		E94E20571DB2573700E23BE0 /* BuDeJie */ = {
			isa = PBXGroup;
			children = (
				E92ECD991DB646D10071C1B7 /* AD */,
				E94E20581DB2573700E23BE0 /* AppDelegate */,
				E94E20631DB2573700E23BE0 /* Main(主要) */,
				E94E205B1DB2573700E23BE0 /* Essence(精华) */,
				E94E205F1DB2573700E23BE0 /* FriendTrend(关注) */,
				E94E206B1DB2573700E23BE0 /* New(新帖) */,
				E94E20711DB2573700E23BE0 /* Publish(发布) */,
				E94E20671DB2573700E23BE0 /* Me(我) */,
				E95EECAD1DB46ABD00B2A505 /* Setting */,
				E94E206F1DB2573700E23BE0 /* Other */,
			);
			path = BuDeJie;
			sourceTree = "<group>";
		};
		E94E20581DB2573700E23BE0 /* AppDelegate */ = {
			isa = PBXGroup;
			children = (
				E94E20591DB2573700E23BE0 /* AppDelegate.h */,
				E94E205A1DB2573700E23BE0 /* AppDelegate.m */,
			);
			path = AppDelegate;
			sourceTree = "<group>";
		};
		E94E205B1DB2573700E23BE0 /* Essence(精华) */ = {
			isa = PBXGroup;
			children = (
				E94E205C1DB2573700E23BE0 /* Controller */,
				E94E205D1DB2573700E23BE0 /* Model */,
				E94E205E1DB2573700E23BE0 /* View */,
			);
			path = "Essence(精华)";
			sourceTree = "<group>";
		};
		E94E205C1DB2573700E23BE0 /* Controller */ = {
			isa = PBXGroup;
			children = (
				E94E20791DB25C9500E23BE0 /* LTEssenceViewController.h */,
				E94E207A1DB25C9500E23BE0 /* LTEssenceViewController.m */,
			);
			path = Controller;
			sourceTree = "<group>";
		};
		E94E205D1DB2573700E23BE0 /* Model */ = {
			isa = PBXGroup;
			children = (
			);
			path = Model;
			sourceTree = "<group>";
		};
		E94E205E1DB2573700E23BE0 /* View */ = {
			isa = PBXGroup;
			children = (
			);
			path = View;
			sourceTree = "<group>";
		};
		E94E205F1DB2573700E23BE0 /* FriendTrend(关注) */ = {
			isa = PBXGroup;
			children = (
				E94E20601DB2573700E23BE0 /* Controller */,
				E94E20611DB2573700E23BE0 /* Model */,
				E94E20621DB2573700E23BE0 /* View */,
			);
			path = "FriendTrend(关注)";
			sourceTree = "<group>";
		};
		E94E20601DB2573700E23BE0 /* Controller */ = {
			isa = PBXGroup;
			children = (
				E94E207C1DB25CAE00E23BE0 /* LTFriendTrendViewController.h */,
				E94E207D1DB25CAE00E23BE0 /* LTFriendTrendViewController.m */,
			);
			path = Controller;
			sourceTree = "<group>";
		};
		E94E20611DB2573700E23BE0 /* Model */ = {
			isa = PBXGroup;
			children = (
			);
			path = Model;
			sourceTree = "<group>";
		};
		E94E20621DB2573700E23BE0 /* View */ = {
			isa = PBXGroup;
			children = (
			);
			path = View;
			sourceTree = "<group>";
		};
		E94E20631DB2573700E23BE0 /* Main(主要) */ = {
			isa = PBXGroup;
			children = (
				E94E20641DB2573700E23BE0 /* Controller */,
				E94E20651DB2573700E23BE0 /* Model */,
				E94E20661DB2573700E23BE0 /* View */,
			);
			path = "Main(主要)";
			sourceTree = "<group>";
		};
		E94E20641DB2573700E23BE0 /* Controller */ = {
			isa = PBXGroup;
			children = (
				E94E207F1DB25CD300E23BE0 /* LTTabBarController.h */,
				E94E20801DB25CD300E23BE0 /* LTTabBarController.m */,
				E95EECAA1DB468A400B2A505 /* LTNavigationController.h */,
				E95EECAB1DB468A400B2A505 /* LTNavigationController.m */,
			);
			path = Controller;
			sourceTree = "<group>";
		};
		E94E20651DB2573700E23BE0 /* Model */ = {
			isa = PBXGroup;
			children = (
			);
			path = Model;
			sourceTree = "<group>";
		};
		E94E20661DB2573700E23BE0 /* View */ = {
			isa = PBXGroup;
			children = (
				E95EECB71DB4743500B2A505 /* LTNavigationBar.h */,
				E95EECB81DB4743500B2A505 /* LTNavigationBar.m */,
				E95EECBA1DB4744A00B2A505 /* LTBackView.h */,
				E95EECBB1DB4744A00B2A505 /* LTBackView.m */,
			);
			path = View;
			sourceTree = "<group>";
		};
		E94E20671DB2573700E23BE0 /* Me(我) */ = {
			isa = PBXGroup;
			children = (
				E94E20681DB2573700E23BE0 /* Controller */,
				E94E20691DB2573700E23BE0 /* Model */,
				E94E206A1DB2573700E23BE0 /* View */,
			);
			path = "Me(我)";
			sourceTree = "<group>";
		};
		E94E20681DB2573700E23BE0 /* Controller */ = {
			isa = PBXGroup;
			children = (
				E94E20851DB25D3300E23BE0 /* LTMeViewController.h */,
				E94E20861DB25D3300E23BE0 /* LTMeViewController.m */,
			);
			path = Controller;
			sourceTree = "<group>";
		};
		E94E20691DB2573700E23BE0 /* Model */ = {
			isa = PBXGroup;
			children = (
			);
			path = Model;
			sourceTree = "<group>";
		};
		E94E206A1DB2573700E23BE0 /* View */ = {
			isa = PBXGroup;
			children = (
			);
			path = View;
			sourceTree = "<group>";
		};
		E94E206B1DB2573700E23BE0 /* New(新帖) */ = {
			isa = PBXGroup;
			children = (
				E94E206C1DB2573700E23BE0 /* Controller */,
				E94E206D1DB2573700E23BE0 /* Model */,
				E94E206E1DB2573700E23BE0 /* View */,
			);
			path = "New(新帖)";
			sourceTree = "<group>";
		};
		E94E206C1DB2573700E23BE0 /* Controller */ = {
			isa = PBXGroup;
			children = (
				E94E20881DB25D5A00E23BE0 /* LTNewViewController.h */,
				E94E20891DB25D5A00E23BE0 /* LTNewViewController.m */,
				E91C88FD1DB8D7E400988C6E /* LTSubTagViewController.h */,
				E91C88FE1DB8D7E400988C6E /* LTSubTagViewController.m */,
			);
			path = Controller;
			sourceTree = "<group>";
		};
		E94E206D1DB2573700E23BE0 /* Model */ = {
			isa = PBXGroup;
			children = (
				E97ECD7C1DB798DE00DA17F3 /* LTSubTagItem.h */,
				E97ECD7D1DB798DE00DA17F3 /* LTSubTagItem.m */,
			);
			path = Model;
			sourceTree = "<group>";
		};
		E94E206E1DB2573700E23BE0 /* View */ = {
			isa = PBXGroup;
			children = (
				E97ECD821DB7B4C800DA17F3 /* LTTagCell.h */,
				E97ECD831DB7B4C800DA17F3 /* LTTagCell.m */,
				E97ECD841DB7B4C800DA17F3 /* LTTagCell.xib */,
			);
			path = View;
			sourceTree = "<group>";
		};
		E94E206F1DB2573700E23BE0 /* Other */ = {
			isa = PBXGroup;
			children = (
				E90960CF1DB39A6B0068E79D /* Category */,
				E94E20701DB2573700E23BE0 /* main.m */,
				E95EECA91DB4641200B2A505 /* BuDeJie.pch */,
			);
			path = Other;
			sourceTree = "<group>";
		};
		E94E20711DB2573700E23BE0 /* Publish(发布) */ = {
			isa = PBXGroup;
			children = (
				E94E20721DB2573700E23BE0 /* Controller */,
				E94E20731DB2573700E23BE0 /* Model */,
				E94E20741DB2573700E23BE0 /* View */,
			);
			path = "Publish(发布)";
			sourceTree = "<group>";
		};
		E94E20721DB2573700E23BE0 /* Controller */ = {
			isa = PBXGroup;
			children = (
				E94E208B1DB25D6F00E23BE0 /* LTPublishViewController.h */,
				E94E208C1DB25D6F00E23BE0 /* LTPublishViewController.m */,
			);
			path = Controller;
			sourceTree = "<group>";
		};
		E94E20731DB2573700E23BE0 /* Model */ = {
			isa = PBXGroup;
			children = (
			);
			path = Model;
			sourceTree = "<group>";
		};
		E94E20741DB2573700E23BE0 /* View */ = {
			isa = PBXGroup;
			children = (
			);
			path = View;
			sourceTree = "<group>";
		};
		E95EECAD1DB46ABD00B2A505 /* Setting */ = {
			isa = PBXGroup;
			children = (
				E95EECAE1DB46ABD00B2A505 /* Controller */,
				E95EECAF1DB46ABD00B2A505 /* Model */,
				E95EECB01DB46ABD00B2A505 /* View */,
			);
			path = Setting;
			sourceTree = "<group>";
		};
		E95EECAE1DB46ABD00B2A505 /* Controller */ = {
			isa = PBXGroup;
			children = (
				E95EECB11DB46B4A00B2A505 /* LTSettingViewController.h */,
				E95EECB21DB46B4A00B2A505 /* LTSettingViewController.m */,
			);
			path = Controller;
			sourceTree = "<group>";
		};
		E95EECAF1DB46ABD00B2A505 /* Model */ = {
			isa = PBXGroup;
			children = (
			);
			path = Model;
			sourceTree = "<group>";
		};
		E95EECB01DB46ABD00B2A505 /* View */ = {
			isa = PBXGroup;
			children = (
			);
			path = View;
			sourceTree = "<group>";
		};
/* End PBXGroup section */

/* Begin PBXNativeTarget section */
		E94E1FE11DB23E9D00E23BE0 /* BuDeJie */ = {
			isa = PBXNativeTarget;
			buildConfigurationList = E94E200F1DB23E9D00E23BE0 /* Build configuration list for PBXNativeTarget "BuDeJie" */;
			buildPhases = (
				E819C38C2C8B3D23C1451453 /* [CP] Check Pods Manifest.lock */,
				E94E1FDE1DB23E9D00E23BE0 /* Sources */,
				E94E1FDF1DB23E9D00E23BE0 /* Frameworks */,
				E94E1FE01DB23E9D00E23BE0 /* Resources */,
				C878BE1154FAD778662C31AB /* [CP] Embed Pods Frameworks */,
				C6ABAABFA4F35B962A674089 /* [CP] Copy Pods Resources */,
			);
			buildRules = (
			);
			dependencies = (
			);
			name = BuDeJie;
			productName = BuDeJie;
			productReference = E94E1FE21DB23E9D00E23BE0 /* BuDeJie.app */;
			productType = "com.apple.product-type.application";
		};
		E94E1FFA1DB23E9D00E23BE0 /* BuDeJieTests */ = {
			isa = PBXNativeTarget;
			buildConfigurationList = E94E20121DB23E9D00E23BE0 /* Build configuration list for PBXNativeTarget "BuDeJieTests" */;
			buildPhases = (
				4BCF6A64C0A734CED328C971 /* [CP] Check Pods Manifest.lock */,
				E94E1FF71DB23E9D00E23BE0 /* Sources */,
				E94E1FF81DB23E9D00E23BE0 /* Frameworks */,
				E94E1FF91DB23E9D00E23BE0 /* Resources */,
				0A0C7F8B0604D56174E11F06 /* [CP] Embed Pods Frameworks */,
				10BA6610578ED78C2A4678B1 /* [CP] Copy Pods Resources */,
			);
			buildRules = (
			);
			dependencies = (
				E94E1FFD1DB23E9D00E23BE0 /* PBXTargetDependency */,
			);
			name = BuDeJieTests;
			productName = BuDeJieTests;
			productReference = E94E1FFB1DB23E9D00E23BE0 /* BuDeJieTests.xctest */;
			productType = "com.apple.product-type.bundle.unit-test";
		};
		E94E20051DB23E9D00E23BE0 /* BuDeJieUITests */ = {
			isa = PBXNativeTarget;
			buildConfigurationList = E94E20151DB23E9D00E23BE0 /* Build configuration list for PBXNativeTarget "BuDeJieUITests" */;
			buildPhases = (
				484C204A1ED6B039EAD4061C /* [CP] Check Pods Manifest.lock */,
				E94E20021DB23E9D00E23BE0 /* Sources */,
				E94E20031DB23E9D00E23BE0 /* Frameworks */,
				E94E20041DB23E9D00E23BE0 /* Resources */,
				E704F3F67FFF9A8DE4B52837 /* [CP] Copy Pods Resources */,
			);
			buildRules = (
			);
			dependencies = (
				E94E20081DB23E9D00E23BE0 /* PBXTargetDependency */,
			);
			name = BuDeJieUITests;
			productName = BuDeJieUITests;
			productReference = E94E20061DB23E9D00E23BE0 /* BuDeJieUITests.xctest */;
			productType = "com.apple.product-type.bundle.ui-testing";
		};
/* End PBXNativeTarget section */

/* Begin PBXProject section */
		E94E1FDA1DB23E9D00E23BE0 /* Project object */ = {
			isa = PBXProject;
			attributes = {
				CLASSPREFIX = LT;
				LastUpgradeCheck = 0730;
				ORGANIZATIONNAME = Lenhulk;
				TargetAttributes = {
					E94E1FE11DB23E9D00E23BE0 = {
						CreatedOnToolsVersion = 7.3.1;
					};
					E94E1FFA1DB23E9D00E23BE0 = {
						CreatedOnToolsVersion = 7.3.1;
						TestTargetID = E94E1FE11DB23E9D00E23BE0;
					};
					E94E20051DB23E9D00E23BE0 = {
						CreatedOnToolsVersion = 7.3.1;
						TestTargetID = E94E1FE11DB23E9D00E23BE0;
					};
				};
			};
			buildConfigurationList = E94E1FDD1DB23E9D00E23BE0 /* Build configuration list for PBXProject "BuDeJie" */;
			compatibilityVersion = "Xcode 3.2";
			developmentRegion = English;
			hasScannedForEncodings = 0;
			knownRegions = (
				en,
				Base,
			);
			mainGroup = E94E1FD91DB23E9D00E23BE0;
			productRefGroup = E94E1FE31DB23E9D00E23BE0 /* Products */;
			projectDirPath = "";
			projectRoot = "";
			targets = (
				E94E1FE11DB23E9D00E23BE0 /* BuDeJie */,
				E94E1FFA1DB23E9D00E23BE0 /* BuDeJieTests */,
				E94E20051DB23E9D00E23BE0 /* BuDeJieUITests */,
			);
		};
/* End PBXProject section */

/* Begin PBXResourcesBuildPhase section */
		E94E1FE01DB23E9D00E23BE0 /* Resources */ = {
			isa = PBXResourcesBuildPhase;
			buildActionMask = 2147483647;
			files = (
				E94E1FF51DB23E9D00E23BE0 /* LaunchScreen.storyboard in Resources */,
				E92ECDAB1DB64BF30071C1B7 /* LaunchImage-700-568h@2x.png in Resources */,
				E92ECDAF1DB64BF30071C1B7 /* LaunchImage.png in Resources */,
				E94E1FF21DB23E9D00E23BE0 /* Assets.xcassets in Resources */,
				E92ECDAC1DB64BF30071C1B7 /* LaunchImage-700@2x.png in Resources */,
				E92ECDAE1DB64BF30071C1B7 /* LaunchImage-800-Portrait-736h@3x.png in Resources */,
				E92ECDAA1DB64BF30071C1B7 /* LaunchImage-568h@2x.png in Resources */,
				E92ECDAD1DB64BF30071C1B7 /* LaunchImage-800-667h@2x.png in Resources */,
				E92ECDA11DB646F30071C1B7 /* LTADViewController.xib in Resources */,
				E92ECDB01DB64BF30071C1B7 /* LaunchImage@2x.png in Resources */,
				E97ECD861DB7B4C800DA17F3 /* LTTagCell.xib in Resources */,
			);
			runOnlyForDeploymentPostprocessing = 0;
		};
		E94E1FF91DB23E9D00E23BE0 /* Resources */ = {
			isa = PBXResourcesBuildPhase;
			buildActionMask = 2147483647;
			files = (
			);
			runOnlyForDeploymentPostprocessing = 0;
		};
		E94E20041DB23E9D00E23BE0 /* Resources */ = {
			isa = PBXResourcesBuildPhase;
			buildActionMask = 2147483647;
			files = (
			);
			runOnlyForDeploymentPostprocessing = 0;
		};
/* End PBXResourcesBuildPhase section */

/* Begin PBXShellScriptBuildPhase section */
		0A0C7F8B0604D56174E11F06 /* [CP] Embed Pods Frameworks */ = {
			isa = PBXShellScriptBuildPhase;
			buildActionMask = 2147483647;
			files = (
			);
			inputPaths = (
			);
			name = "[CP] Embed Pods Frameworks";
			outputPaths = (
			);
			runOnlyForDeploymentPostprocessing = 0;
			shellPath = /bin/sh;
			shellScript = "\"${SRCROOT}/Pods/Target Support Files/Pods-BuDeJieTests/Pods-BuDeJieTests-frameworks.sh\"\n";
			showEnvVarsInLog = 0;
		};
		10BA6610578ED78C2A4678B1 /* [CP] Copy Pods Resources */ = {
			isa = PBXShellScriptBuildPhase;
			buildActionMask = 2147483647;
			files = (
			);
			inputPaths = (
			);
			name = "[CP] Copy Pods Resources";
			outputPaths = (
			);
			runOnlyForDeploymentPostprocessing = 0;
			shellPath = /bin/sh;
			shellScript = "\"${SRCROOT}/Pods/Target Support Files/Pods-BuDeJieTests/Pods-BuDeJieTests-resources.sh\"\n";
			showEnvVarsInLog = 0;
		};
		484C204A1ED6B039EAD4061C /* [CP] Check Pods Manifest.lock */ = {
			isa = PBXShellScriptBuildPhase;
			buildActionMask = 2147483647;
			files = (
			);
			inputPaths = (
			);
			name = "[CP] Check Pods Manifest.lock";
			outputPaths = (
			);
			runOnlyForDeploymentPostprocessing = 0;
			shellPath = /bin/sh;
			shellScript = "diff \"${PODS_ROOT}/../Podfile.lock\" \"${PODS_ROOT}/Manifest.lock\" > /dev/null\nif [[ $? != 0 ]] ; then\n    cat << EOM\nerror: The sandbox is not in sync with the Podfile.lock. Run 'pod install' or update your CocoaPods installation.\nEOM\n    exit 1\nfi\n";
			showEnvVarsInLog = 0;
		};
		4BCF6A64C0A734CED328C971 /* [CP] Check Pods Manifest.lock */ = {
			isa = PBXShellScriptBuildPhase;
			buildActionMask = 2147483647;
			files = (
			);
			inputPaths = (
			);
			name = "[CP] Check Pods Manifest.lock";
			outputPaths = (
			);
			runOnlyForDeploymentPostprocessing = 0;
			shellPath = /bin/sh;
			shellScript = "diff \"${PODS_ROOT}/../Podfile.lock\" \"${PODS_ROOT}/Manifest.lock\" > /dev/null\nif [[ $? != 0 ]] ; then\n    cat << EOM\nerror: The sandbox is not in sync with the Podfile.lock. Run 'pod install' or update your CocoaPods installation.\nEOM\n    exit 1\nfi\n";
			showEnvVarsInLog = 0;
		};
		C6ABAABFA4F35B962A674089 /* [CP] Copy Pods Resources */ = {
			isa = PBXShellScriptBuildPhase;
			buildActionMask = 2147483647;
			files = (
			);
			inputPaths = (
			);
			name = "[CP] Copy Pods Resources";
			outputPaths = (
			);
			runOnlyForDeploymentPostprocessing = 0;
			shellPath = /bin/sh;
			shellScript = "\"${SRCROOT}/Pods/Target Support Files/Pods-BuDeJie/Pods-BuDeJie-resources.sh\"\n";
			showEnvVarsInLog = 0;
		};
		C878BE1154FAD778662C31AB /* [CP] Embed Pods Frameworks */ = {
			isa = PBXShellScriptBuildPhase;
			buildActionMask = 2147483647;
			files = (
			);
			inputPaths = (
			);
			name = "[CP] Embed Pods Frameworks";
			outputPaths = (
			);
			runOnlyForDeploymentPostprocessing = 0;
			shellPath = /bin/sh;
			shellScript = "\"${SRCROOT}/Pods/Target Support Files/Pods-BuDeJie/Pods-BuDeJie-frameworks.sh\"\n";
			showEnvVarsInLog = 0;
		};
		E704F3F67FFF9A8DE4B52837 /* [CP] Copy Pods Resources */ = {
			isa = PBXShellScriptBuildPhase;
			buildActionMask = 2147483647;
			files = (
			);
			inputPaths = (
			);
			name = "[CP] Copy Pods Resources";
			outputPaths = (
			);
			runOnlyForDeploymentPostprocessing = 0;
			shellPath = /bin/sh;
			shellScript = "\"${SRCROOT}/Pods/Target Support Files/Pods-BuDeJieUITests/Pods-BuDeJieUITests-resources.sh\"\n";
			showEnvVarsInLog = 0;
		};
		E819C38C2C8B3D23C1451453 /* [CP] Check Pods Manifest.lock */ = {
			isa = PBXShellScriptBuildPhase;
			buildActionMask = 2147483647;
			files = (
			);
			inputPaths = (
			);
			name = "[CP] Check Pods Manifest.lock";
			outputPaths = (
			);
			runOnlyForDeploymentPostprocessing = 0;
			shellPath = /bin/sh;
			shellScript = "diff \"${PODS_ROOT}/../Podfile.lock\" \"${PODS_ROOT}/Manifest.lock\" > /dev/null\nif [[ $? != 0 ]] ; then\n    cat << EOM\nerror: The sandbox is not in sync with the Podfile.lock. Run 'pod install' or update your CocoaPods installation.\nEOM\n    exit 1\nfi\n";
			showEnvVarsInLog = 0;
		};
/* End PBXShellScriptBuildPhase section */

/* Begin PBXSourcesBuildPhase section */
		E94E1FDE1DB23E9D00E23BE0 /* Sources */ = {
			isa = PBXSourcesBuildPhase;
			buildActionMask = 2147483647;
			files = (
				E92ECDA01DB646F30071C1B7 /* LTADViewController.m in Sources */,
				E95EECB91DB4743500B2A505 /* LTNavigationBar.m in Sources */,
				E97ECD7E1DB798DE00DA17F3 /* LTSubTagItem.m in Sources */,
				E94E207E1DB25CAE00E23BE0 /* LTFriendTrendViewController.m in Sources */,
				E94E20761DB2573700E23BE0 /* main.m in Sources */,
				E95EECBC1DB4744A00B2A505 /* LTBackView.m in Sources */,
				E94E208D1DB25D6F00E23BE0 /* LTPublishViewController.m in Sources */,
				E95F6D3A1DB3A5D900D3A77A /* UITabBarItem+LTFont.m in Sources */,
				E95EECB61DB4701D00B2A505 /* UIView+LTFrame.m in Sources */,
				E9B6C7951DB3BCEA00DD6003 /* UIBarButtonItem+LTItem.m in Sources */,
				E94E208A1DB25D5A00E23BE0 /* LTNewViewController.m in Sources */,
				E90960D21DB39A980068E79D /* UIImage+LTRender.m in Sources */,
				E94E20871DB25D3300E23BE0 /* LTMeViewController.m in Sources */,
				E94E207B1DB25C9500E23BE0 /* LTEssenceViewController.m in Sources */,
				E97ECD851DB7B4C800DA17F3 /* LTTagCell.m in Sources */,
				E94E20811DB25CD300E23BE0 /* LTTabBarController.m in Sources */,
				E97ECD781DB7444100DA17F3 /* AFHTTPSessionManager+LTManager.m in Sources */,
				E95EECB31DB46B4A00B2A505 /* LTSettingViewController.m in Sources */,
				E94E20751DB2573700E23BE0 /* AppDelegate.m in Sources */,
				E95EECAC1DB468A400B2A505 /* LTNavigationController.m in Sources */,
				E91C88FF1DB8D7E400988C6E /* LTSubTagViewController.m in Sources */,
				E97ECD7B1DB7495E00DA17F3 /* LTADItem.m in Sources */,
			);
			runOnlyForDeploymentPostprocessing = 0;
		};
		E94E1FF71DB23E9D00E23BE0 /* Sources */ = {
			isa = PBXSourcesBuildPhase;
			buildActionMask = 2147483647;
			files = (
				E94E20001DB23E9D00E23BE0 /* BuDeJieTests.m in Sources */,
			);
			runOnlyForDeploymentPostprocessing = 0;
		};
		E94E20021DB23E9D00E23BE0 /* Sources */ = {
			isa = PBXSourcesBuildPhase;
			buildActionMask = 2147483647;
			files = (
				E94E200B1DB23E9D00E23BE0 /* BuDeJieUITests.m in Sources */,
			);
			runOnlyForDeploymentPostprocessing = 0;
		};
/* End PBXSourcesBuildPhase section */

/* Begin PBXTargetDependency section */
		E94E1FFD1DB23E9D00E23BE0 /* PBXTargetDependency */ = {
			isa = PBXTargetDependency;
			target = E94E1FE11DB23E9D00E23BE0 /* BuDeJie */;
			targetProxy = E94E1FFC1DB23E9D00E23BE0 /* PBXContainerItemProxy */;
		};
		E94E20081DB23E9D00E23BE0 /* PBXTargetDependency */ = {
			isa = PBXTargetDependency;
			target = E94E1FE11DB23E9D00E23BE0 /* BuDeJie */;
			targetProxy = E94E20071DB23E9D00E23BE0 /* PBXContainerItemProxy */;
		};
/* End PBXTargetDependency section */

/* Begin PBXVariantGroup section */
		E94E1FF31DB23E9D00E23BE0 /* LaunchScreen.storyboard */ = {
			isa = PBXVariantGroup;
			children = (
				E94E1FF41DB23E9D00E23BE0 /* Base */,
			);
			name = LaunchScreen.storyboard;
			sourceTree = "<group>";
		};
/* End PBXVariantGroup section */

/* Begin XCBuildConfiguration section */
		E94E200D1DB23E9D00E23BE0 /* Debug */ = {
			isa = XCBuildConfiguration;
			buildSettings = {
				ALWAYS_SEARCH_USER_PATHS = NO;
				CLANG_ANALYZER_NONNULL = YES;
				CLANG_CXX_LANGUAGE_STANDARD = "gnu++0x";
				CLANG_CXX_LIBRARY = "libc++";
				CLANG_ENABLE_MODULES = YES;
				CLANG_ENABLE_OBJC_ARC = YES;
				CLANG_WARN_BOOL_CONVERSION = YES;
				CLANG_WARN_CONSTANT_CONVERSION = YES;
				CLANG_WARN_DIRECT_OBJC_ISA_USAGE = YES_ERROR;
				CLANG_WARN_EMPTY_BODY = YES;
				CLANG_WARN_ENUM_CONVERSION = YES;
				CLANG_WARN_INT_CONVERSION = YES;
				CLANG_WARN_OBJC_ROOT_CLASS = YES_ERROR;
				CLANG_WARN_UNREACHABLE_CODE = YES;
				CLANG_WARN__DUPLICATE_METHOD_MATCH = YES;
				"CODE_SIGN_IDENTITY[sdk=iphoneos*]" = "iPhone Developer";
				COPY_PHASE_STRIP = NO;
				DEBUG_INFORMATION_FORMAT = dwarf;
				ENABLE_STRICT_OBJC_MSGSEND = YES;
				ENABLE_TESTABILITY = YES;
				GCC_C_LANGUAGE_STANDARD = gnu99;
				GCC_DYNAMIC_NO_PIC = NO;
				GCC_NO_COMMON_BLOCKS = YES;
				GCC_OPTIMIZATION_LEVEL = 0;
				GCC_PREFIX_HEADER = BuDeJie/BuDeJie/Other/BuDeJie.pch;
				GCC_PREPROCESSOR_DEFINITIONS = (
					"DEBUG=1",
					"$(inherited)",
				);
				GCC_WARN_64_TO_32_BIT_CONVERSION = YES;
				GCC_WARN_ABOUT_RETURN_TYPE = YES_ERROR;
				GCC_WARN_UNDECLARED_SELECTOR = YES;
				GCC_WARN_UNINITIALIZED_AUTOS = YES_AGGRESSIVE;
				GCC_WARN_UNUSED_FUNCTION = YES;
				GCC_WARN_UNUSED_VARIABLE = YES;
				IPHONEOS_DEPLOYMENT_TARGET = 9.3;
				MTL_ENABLE_DEBUG_INFO = YES;
				ONLY_ACTIVE_ARCH = YES;
				SDKROOT = iphoneos;
				TARGETED_DEVICE_FAMILY = "1,2";
			};
			name = Debug;
		};
		E94E200E1DB23E9D00E23BE0 /* Release */ = {
			isa = XCBuildConfiguration;
			buildSettings = {
				ALWAYS_SEARCH_USER_PATHS = NO;
				CLANG_ANALYZER_NONNULL = YES;
				CLANG_CXX_LANGUAGE_STANDARD = "gnu++0x";
				CLANG_CXX_LIBRARY = "libc++";
				CLANG_ENABLE_MODULES = YES;
				CLANG_ENABLE_OBJC_ARC = YES;
				CLANG_WARN_BOOL_CONVERSION = YES;
				CLANG_WARN_CONSTANT_CONVERSION = YES;
				CLANG_WARN_DIRECT_OBJC_ISA_USAGE = YES_ERROR;
				CLANG_WARN_EMPTY_BODY = YES;
				CLANG_WARN_ENUM_CONVERSION = YES;
				CLANG_WARN_INT_CONVERSION = YES;
				CLANG_WARN_OBJC_ROOT_CLASS = YES_ERROR;
				CLANG_WARN_UNREACHABLE_CODE = YES;
				CLANG_WARN__DUPLICATE_METHOD_MATCH = YES;
				"CODE_SIGN_IDENTITY[sdk=iphoneos*]" = "iPhone Developer";
				COPY_PHASE_STRIP = NO;
				DEBUG_INFORMATION_FORMAT = "dwarf-with-dsym";
				ENABLE_NS_ASSERTIONS = NO;
				ENABLE_STRICT_OBJC_MSGSEND = YES;
				GCC_C_LANGUAGE_STANDARD = gnu99;
				GCC_NO_COMMON_BLOCKS = YES;
				GCC_PREFIX_HEADER = BuDeJie/BuDeJie/Other/BuDeJie.pch;
				GCC_WARN_64_TO_32_BIT_CONVERSION = YES;
				GCC_WARN_ABOUT_RETURN_TYPE = YES_ERROR;
				GCC_WARN_UNDECLARED_SELECTOR = YES;
				GCC_WARN_UNINITIALIZED_AUTOS = YES_AGGRESSIVE;
				GCC_WARN_UNUSED_FUNCTION = YES;
				GCC_WARN_UNUSED_VARIABLE = YES;
				IPHONEOS_DEPLOYMENT_TARGET = 9.3;
				MTL_ENABLE_DEBUG_INFO = NO;
				SDKROOT = iphoneos;
				TARGETED_DEVICE_FAMILY = "1,2";
				VALIDATE_PRODUCT = YES;
			};
			name = Release;
		};
		E94E20101DB23E9D00E23BE0 /* Debug */ = {
			isa = XCBuildConfiguration;
			baseConfigurationReference = 3140A5D72596CD0464AE18DB /* Pods-BuDeJie.debug.xcconfig */;
			buildSettings = {
				ASSETCATALOG_COMPILER_APPICON_NAME = AppIcon;
				ASSETCATALOG_COMPILER_LAUNCHIMAGE_NAME = "Brand Assets";
				CODE_SIGN_IDENTITY = "iPhone Developer";
				INFOPLIST_FILE = BuDeJie/Info.plist;
				IPHONEOS_DEPLOYMENT_TARGET = 7.0;
				LD_RUNPATH_SEARCH_PATHS = "$(inherited) @executable_path/Frameworks";
				PRODUCT_BUNDLE_IDENTIFIER = com.crazy.BuDeJie;
				PRODUCT_NAME = "$(TARGET_NAME)";
			};
			name = Debug;
		};
		E94E20111DB23E9D00E23BE0 /* Release */ = {
			isa = XCBuildConfiguration;
			baseConfigurationReference = 4C40C8D3BC854D678775B99E /* Pods-BuDeJie.release.xcconfig */;
			buildSettings = {
				ASSETCATALOG_COMPILER_APPICON_NAME = AppIcon;
				ASSETCATALOG_COMPILER_LAUNCHIMAGE_NAME = "Brand Assets";
				CODE_SIGN_IDENTITY = "iPhone Developer";
				INFOPLIST_FILE = BuDeJie/Info.plist;
				IPHONEOS_DEPLOYMENT_TARGET = 7.0;
				LD_RUNPATH_SEARCH_PATHS = "$(inherited) @executable_path/Frameworks";
				PRODUCT_BUNDLE_IDENTIFIER = com.crazy.BuDeJie;
				PRODUCT_NAME = "$(TARGET_NAME)";
			};
			name = Release;
		};
		E94E20131DB23E9D00E23BE0 /* Debug */ = {
			isa = XCBuildConfiguration;
			baseConfigurationReference = 497E18109256A29DF3E9A0FD /* Pods-BuDeJieTests.debug.xcconfig */;
			buildSettings = {
				BUNDLE_LOADER = "$(TEST_HOST)";
				INFOPLIST_FILE = BuDeJieTests/Info.plist;
				LD_RUNPATH_SEARCH_PATHS = "$(inherited) @executable_path/Frameworks @loader_path/Frameworks";
				PRODUCT_BUNDLE_IDENTIFIER = com.crazy.BuDeJieTests;
				PRODUCT_NAME = "$(TARGET_NAME)";
				TEST_HOST = "$(BUILT_PRODUCTS_DIR)/BuDeJie.app/BuDeJie";
			};
			name = Debug;
		};
		E94E20141DB23E9D00E23BE0 /* Release */ = {
			isa = XCBuildConfiguration;
			baseConfigurationReference = 5DA9160EA2B844D1CEFA070E /* Pods-BuDeJieTests.release.xcconfig */;
			buildSettings = {
				BUNDLE_LOADER = "$(TEST_HOST)";
				INFOPLIST_FILE = BuDeJieTests/Info.plist;
				LD_RUNPATH_SEARCH_PATHS = "$(inherited) @executable_path/Frameworks @loader_path/Frameworks";
				PRODUCT_BUNDLE_IDENTIFIER = com.crazy.BuDeJieTests;
				PRODUCT_NAME = "$(TARGET_NAME)";
				TEST_HOST = "$(BUILT_PRODUCTS_DIR)/BuDeJie.app/BuDeJie";
			};
			name = Release;
		};
		E94E20161DB23E9D00E23BE0 /* Debug */ = {
			isa = XCBuildConfiguration;
			baseConfigurationReference = 89BE39B31956FF96CA93483A /* Pods-BuDeJieUITests.debug.xcconfig */;
			buildSettings = {
				INFOPLIST_FILE = BuDeJieUITests/Info.plist;
				LD_RUNPATH_SEARCH_PATHS = "$(inherited) @executable_path/Frameworks @loader_path/Frameworks";
				PRODUCT_BUNDLE_IDENTIFIER = com.crazy.BuDeJieUITests;
				PRODUCT_NAME = "$(TARGET_NAME)";
				TEST_TARGET_NAME = BuDeJie;
			};
			name = Debug;
		};
		E94E20171DB23E9D00E23BE0 /* Release */ = {
			isa = XCBuildConfiguration;
			baseConfigurationReference = 3D96E00F4DEC25CA8E4080C4 /* Pods-BuDeJieUITests.release.xcconfig */;
			buildSettings = {
				INFOPLIST_FILE = BuDeJieUITests/Info.plist;
				LD_RUNPATH_SEARCH_PATHS = "$(inherited) @executable_path/Frameworks @loader_path/Frameworks";
				PRODUCT_BUNDLE_IDENTIFIER = com.crazy.BuDeJieUITests;
				PRODUCT_NAME = "$(TARGET_NAME)";
				TEST_TARGET_NAME = BuDeJie;
			};
			name = Release;
		};
/* End XCBuildConfiguration section */

/* Begin XCConfigurationList section */
		E94E1FDD1DB23E9D00E23BE0 /* Build configuration list for PBXProject "BuDeJie" */ = {
			isa = XCConfigurationList;
			buildConfigurations = (
				E94E200D1DB23E9D00E23BE0 /* Debug */,
				E94E200E1DB23E9D00E23BE0 /* Release */,
			);
			defaultConfigurationIsVisible = 0;
			defaultConfigurationName = Release;
		};
		E94E200F1DB23E9D00E23BE0 /* Build configuration list for PBXNativeTarget "BuDeJie" */ = {
			isa = XCConfigurationList;
			buildConfigurations = (
				E94E20101DB23E9D00E23BE0 /* Debug */,
				E94E20111DB23E9D00E23BE0 /* Release */,
			);
			defaultConfigurationIsVisible = 0;
			defaultConfigurationName = Release;
		};
		E94E20121DB23E9D00E23BE0 /* Build configuration list for PBXNativeTarget "BuDeJieTests" */ = {
			isa = XCConfigurationList;
			buildConfigurations = (
				E94E20131DB23E9D00E23BE0 /* Debug */,
				E94E20141DB23E9D00E23BE0 /* Release */,
			);
			defaultConfigurationIsVisible = 0;
			defaultConfigurationName = Release;
		};
		E94E20151DB23E9D00E23BE0 /* Build configuration list for PBXNativeTarget "BuDeJieUITests" */ = {
			isa = XCConfigurationList;
			buildConfigurations = (
				E94E20161DB23E9D00E23BE0 /* Debug */,
				E94E20171DB23E9D00E23BE0 /* Release */,
			);
			defaultConfigurationIsVisible = 0;
			defaultConfigurationName = Release;
		};
/* End XCConfigurationList section */
	};
	rootObject = E94E1FDA1DB23E9D00E23BE0 /* Project object */;
}
